
Microsoft Visual Studio Solution File, Format Version 12.00
# Visual Studio Version 17
VisualStudioVersion = 17.7.34221.43
MinimumVisualStudioVersion = 10.0.40219.1
Project("{FAE04EC0-301F-11D3-BF4B-00C04F79EFBC}") = "SampleNetSolution", "SampleNetSolution\SampleNetSolution.csproj", "{9462DE6B-577B-4C9C-9200-F1306E9D0DE4}"
EndProject
Project("{FAE04EC0-301F-11D3-BF4B-00C04F79EFBC}") = "TestProject1", "TestProject1\TestProject1.csproj", "{C4F879B1-3DF8-49AD-9429-FAE3F1326067}"
EndProject
Global
	GlobalSection(SolutionConfigurationPlatforms) = preSolution
		Debug|Any CPU = Debug|Any CPU
		Release|Any CPU = Release|Any CPU
	EndGlobalSection
	GlobalSection(ProjectConfigurationPlatforms) = postSolution
		{9462DE6B-577B-4C9C-9200-F1306E9D0DE4}.Debug|Any CPU.ActiveCfg = Debug|Any CPU
		{9462DE6B-577B-4C9C-9200-F1306E9D0DE4}.Debug|Any CPU.Build.0 = Debug|Any CPU
		{9462DE6B-577B-4C9C-9200-F1306E9D0DE4}.Release|Any CPU.ActiveCfg = Release|Any CPU
		{9462DE6B-577B-4C9C-9200-F1306E9D0DE4}.Release|Any CPU.Build.0 = Release|Any CPU
		{C4F879B1-3DF8-49AD-9429-FAE3F1326067}.Debug|Any CPU.ActiveCfg = Debug|Any CPU
		{C4F879B1-3DF8-49AD-9429-FAE3F1326067}.Debug|Any CPU.Build.0 = Debug|Any CPU
		{C4F879B1-3DF8-49AD-9429-FAE3F1326067}.Release|Any CPU.ActiveCfg = Release|Any CPU
		{C4F879B1-3DF8-49AD-9429-FAE3F1326067}.Release|Any CPU.Build.0 = Release|Any CPU
	EndGlobalSection
	GlobalSection(SolutionProperties) = preSolution
		HideSolutionNode = FALSE
	EndGlobalSection
	GlobalSection(ExtensibilityGlobals) = postSolution
		SolutionGuid = {8B14AEC0-18BE-4A1A-B8E9-2F21B093C875}
	EndGlobalSection
EndGlobal
